{
  "version": 1,
  "dependencies": {
    "net10.0": {
      "FluentValidation": {
        "type": "Direct",
        "requested": "[12.1.1, )",
        "resolved": "12.1.1",
        "contentHash": "EPpkIe1yh1a0OXyC100oOA8WMbZvqUu5plwhvYcb7oSELfyUZzfxV48BLhvs3kKo4NwG7MGLNgy1RJiYtT8Dpw=="
      },
      "FluentValidation.AspNetCore": {
        "type": "Direct",
        "requested": "[11.3.1, )",
        "resolved": "11.3.1",
        "contentHash": "FjkfrGGwC+25oH8QpX1ti3gxkFjDDtotkAQWyQz2CkwQwEfRKTANjhh77I79kY8dov2ydK1SY+e4jiOWsbbDdQ==",
        "dependencies": {
          "FluentValidation": "11.11.0",
          "FluentValidation.DependencyInjectionExtensions": "11.11.0"
        }
      },
      "HotChocolate.AspNetCore": {
        "type": "Direct",
        "requested": "[15.1.12, )",
        "resolved": "15.1.12",
        "contentHash": "LPT8T/J7ZihEH/Ts0cs7auzjuQU/XK/DM2iPHy4jQSbK39iO/UMnY958zdWwHvj7hNslNgsZHbMV14f11R7hcA==",
        "dependencies": {
          "ChilliCream.Nitro.App": "28.0.7",
          "HotChocolate": "15.1.12",
          "HotChocolate.Subscriptions.InMemory": "15.1.12",
          "HotChocolate.Transport.Sockets": "15.1.12",
          "HotChocolate.Types.Scalars.Upload": "15.1.12",
          "HotChocolate.Utilities.DependencyInjection": "15.1.12"
        }
      },
      "HotChocolate.AspNetCore.Authorization": {
        "type": "Direct",
        "requested": "[15.1.12, )",
        "resolved": "15.1.12",
        "contentHash": "4uv7olN3f1j9Z3BGQi/k9Fztic2p8dTSiCp9orIfkCz1u+jgFlBty9NPLZ0aRojqknfLEzpIl6yvh4f9yHqiiw==",
        "dependencies": {
          "HotChocolate": "15.1.12"
        }
      },
      "Microsoft.EntityFrameworkCore": {
        "type": "Direct",
        "requested": "[10.0.1, )",
        "resolved": "10.0.1",
        "contentHash": "QsXvZ8G7Dl7x09rlq0b2dye7QqfReMq8yGdl7Mffi3Ip+aTa+JUMixBZ4lhCs9Ygjz2e9tiUACstxI+ADkwaFg==",
        "dependencies": {
          "Microsoft.EntityFrameworkCore.Abstractions": "10.0.1",
          "Microsoft.EntityFrameworkCore.Analyzers": "10.0.1",
          "Microsoft.Extensions.Caching.Memory": "10.0.1",
          "Microsoft.Extensions.Logging": "10.0.1"
        }
      },
      "Npgsql.EntityFrameworkCore.PostgreSQL": {
        "type": "Direct",
        "requested": "[10.0.0, )",
        "resolved": "10.0.0",
        "contentHash": "E2+uSWxSB8LdsUVwPaqRWOcGOP92biry2JEwc0KJMdLJF+aZdczeIdEXVwEyv4nSVMQJH0o8tLhyAMiR6VF0lw==",
        "dependencies": {
          "Microsoft.EntityFrameworkCore": "[10.0.0, 11.0.0)",
          "Microsoft.EntityFrameworkCore.Relational": "[10.0.0, 11.0.0)",
          "Npgsql": "10.0.0"
        }
      },
      "Serilog.AspNetCore": {
        "type": "Direct",
        "requested": "[10.0.0, )",
        "resolved": "10.0.0",
        "contentHash": "a/cNa1mY4On1oJlfGG1wAvxjp5g7OEzk/Jf/nm7NF9cWoE7KlZw1GldrifUBWm9oKibHkR7Lg/l5jy3y7ACR8w==",
        "dependencies": {
          "Serilog": "4.3.0",
          "Serilog.Extensions.Hosting": "10.0.0",
          "Serilog.Formatting.Compact": "3.0.0",
          "Serilog.Settings.Configuration": "10.0.0",
          "Serilog.Sinks.Console": "6.1.1",
          "Serilog.Sinks.Debug": "3.0.0",
          "Serilog.Sinks.File": "7.0.0"
        }
      },
      "Serilog.Sinks.Graylog": {
        "type": "Direct",
        "requested": "[3.1.1, )",
        "resolved": "3.1.1",
        "contentHash": "9qgpkXGtRdv3kH7adSEe3k4MiAWNaSgDc+/1vfIkJiPospuI+YXYErBDECvPJ/0JVnspuXQnxUCQHpDRP5hgCA=="
      },
      "ChilliCream.Nitro.App": {
        "type": "Transitive",
        "resolved": "28.0.7",
        "contentHash": "G6CZod8ForeoVMXigRyAxTTqiiUYcppE85UY/zy4XLMunpF1Ginn5njWK+F+93bw3x5SssPR/fexEpOtQqkVLw==",
        "dependencies": {
          "Yarp.ReverseProxy": "2.3.0"
        }
      },
      "FluentValidation.DependencyInjectionExtensions": {
        "type": "Transitive",
        "resolved": "11.11.0",
        "contentHash": "viTKWaMbL3yJYgGI0DiCeavNbE9UPMWFVK2XS9nYXGbm3NDMd0/L5ER4wBzmTtW3BYh3SrlSXm9RACiKZ6stlA==",
        "dependencies": {
          "FluentValidation": "11.11.0",
          "Microsoft.Extensions.Dependencyinjection.Abstractions": "2.1.0"
        }
      },
      "GreenDonut": {
        "type": "Transitive",
        "resolved": "15.1.12",
        "contentHash": "6klviTecBAW14QGmuPTX26iF/e68s5h6zUym9rcteNMU0m6wvTCMevRMalBcGPfBKlOYYrIPpREBhXc7gdPlNg==",
        "dependencies": {
          "GreenDonut.Abstractions": "15.1.12",
          "Microsoft.Extensions.DependencyInjection.Abstractions": "9.0.2",
          "Microsoft.Extensions.ObjectPool": "9.0.2"
        }
      },
      "GreenDonut.Abstractions": {
        "type": "Transitive",
        "resolved": "15.1.12",
        "contentHash": "T13fuWLJEDxkqboNuqHAqO5ZmpGXdibzBFc1Z8SqGdoDyKxV0ONF0LqWV0rSu75d4GzZnfGTh1/OuY0VuStqgw=="
      },
      "GreenDonut.Data": {
        "type": "Transitive",
        "resolved": "15.1.12",
        "contentHash": "e/e7yh531Tf7w0fcQhdD3han/IqdaxaIQtqEUGFww9GsQGqOTWBYuR0CI3b+tFkrfGZXwlyx/NuTU4dbSWwO9Q==",
        "dependencies": {
          "GreenDonut": "15.1.12",
          "GreenDonut.Data.Abstractions": "15.1.12"
        }
      },
      "GreenDonut.Data.Abstractions": {
        "type": "Transitive",
        "resolved": "15.1.12",
        "contentHash": "pGuda7P3vFJrurI1hvQlb/Bzn9Mn6mcRNig4vU3WmEP++9M7R+G1kCwv5BFA77XGVejVdm3n5o067Qm2EZgNTg==",
        "dependencies": {
          "GreenDonut.Abstractions": "15.1.12",
          "GreenDonut.Data.Primitives": "15.1.12"
        }
      },
      "GreenDonut.Data.Primitives": {
        "type": "Transitive",
        "resolved": "15.1.12",
        "contentHash": "yIsSuSOPORs9hfHybxlvovrY2CLHtFefA9YokP1fpRHSHqKSyDM0Px3af76iWsYrvBbFi8M7Zmn7eIahv6RO6Q=="
      },
      "HotChocolate": {
        "type": "Transitive",
        "resolved": "15.1.12",
        "contentHash": "S3o8ssMln0NkoPLfa9vt+uPjg1S4+ujREiKnN2sbwv/TawmxCx4AKPRT35d/sdyX4JlAKcBwR8su5LbY3+VG9g==",
        "dependencies": {
          "HotChocolate.Authorization": "15.1.12",
          "HotChocolate.CostAnalysis": "15.1.12",
          "HotChocolate.Execution": "15.1.12",
          "HotChocolate.Execution.Projections": "15.1.12",
          "HotChocolate.Fetching": "15.1.12",
          "HotChocolate.Types": "15.1.12",
          "HotChocolate.Types.CursorPagination": "15.1.12",
          "HotChocolate.Types.CursorPagination.Extensions": "15.1.12",
          "HotChocolate.Types.Mutations": "15.1.12",
          "HotChocolate.Types.Queries": "15.1.12",
          "HotChocolate.Validation": "15.1.12"
        }
      },
      "HotChocolate.Abstractions": {
        "type": "Transitive",
        "resolved": "15.1.12",
        "contentHash": "h7Q67e7Wg4NWGHkuy1IRBJ8GBSFbIEkURg5muhq1kaqs7wE5OPvDWS6GV78eP9TyczJ05sdVyNJVLzlXT9RKkw==",
        "dependencies": {
          "HotChocolate.Primitives": "15.1.12"
        }
      },
      "HotChocolate.Authorization": {
        "type": "Transitive",
        "resolved": "15.1.12",
        "contentHash": "VGdbkeByi0qak+8fNBlFe2FTSoPCUgQ7l1NsbBBmVPvq1c2JGY9y/ZrZhJKRiWJMi+cxh34udkXaXnPLfz4LXw==",
        "dependencies": {
          "HotChocolate.Execution": "15.1.12"
        }
      },
      "HotChocolate.CostAnalysis": {
        "type": "Transitive",
        "resolved": "15.1.12",
        "contentHash": "jcKiyNpo7YIPhHubJtSaS1nEtvl+9dozxa1mDiS4iwCL4UpHR/zG1JKK6qeyvcEOCkF4DGcln/6cHRmLemQNAg==",
        "dependencies": {
          "HotChocolate.Execution": "15.1.12",
          "HotChocolate.Types": "15.1.12"
        }
      },
      "HotChocolate.Execution": {
        "type": "Transitive",
        "resolved": "15.1.12",
        "contentHash": "mOnM34nQZjD/5VwyOSN8U1e5QkrMu83XXHSUCvToI4us+FPHKdcDRxH74ecgFmL6DbUehlBLBjBJdKOE1JZb+A==",
        "dependencies": {
          "HotChocolate.Abstractions": "15.1.12",
          "HotChocolate.Execution.Abstractions": "15.1.12",
          "HotChocolate.Fetching": "15.1.12",
          "HotChocolate.Types": "15.1.12",
          "HotChocolate.Utilities.DependencyInjection": "15.1.12",
          "HotChocolate.Validation": "15.1.12",
          "Microsoft.Extensions.DependencyInjection": "9.0.2"
        }
      },
      "HotChocolate.Execution.Abstractions": {
        "type": "Transitive",
        "resolved": "15.1.12",
        "contentHash": "3YURY8BTqC23Md4Qk5BGxdcltv1cQNJQS4XlmkMsiFEIvzQEWX7Wn3QJGfuIznXSwyLPZg+zLiCJBFJvImMe1Q==",
        "dependencies": {
          "HotChocolate.Abstractions": "15.1.12",
          "Microsoft.Extensions.DependencyInjection.Abstractions": "9.0.2"
        }
      },
      "HotChocolate.Execution.Projections": {
        "type": "Transitive",
        "resolved": "15.1.12",
        "contentHash": "jjGpm439L12J7FDYlv++R3Ew6WLbh2ZVexNtoasdh4UEK+UWhOw0RsEuX91FYfFu644LkEVu3SMDU49fwBzKxA==",
        "dependencies": {
          "GreenDonut.Data": "15.1.12",
          "GreenDonut.Data.Abstractions": "15.1.12",
          "GreenDonut.Data.Primitives": "15.1.12",
          "HotChocolate.Execution": "15.1.12"
        }
      },
      "HotChocolate.Features": {
        "type": "Transitive",
        "resolved": "15.1.12",
        "contentHash": "loCdqi+Fw0B9jaTaXdLRyyD+VQQlZ8Ia7B6kwyobQfS++f5/IOFfO1tPZc3KHNL9TESECzW7s78zP5jCNrScIg=="
      },
      "HotChocolate.Fetching": {
        "type": "Transitive",
        "resolved": "15.1.12",
        "contentHash": "tWgsHl5GRZhugtf9NoZovXEQ3yjiKgSKvowVcrU4G4lFtg/ZIjwEVd+yA3eh0C7K5zH2oxE3roML7tun6xse8w==",
        "dependencies": {
          "GreenDonut": "15.1.12",
          "HotChocolate.Types": "15.1.12"
        }
      },
      "HotChocolate.Language": {
        "type": "Transitive",
        "resolved": "15.1.12",
        "contentHash": "BcWoRUEHXqFMuRNCvMNlrmx4cCMfcEaA8RfmLKmGEnzwnJrHjaUeHIRT8/+X/xiuDAaXgXztJ+AYPIJcrxfAPA==",
        "dependencies": {
          "HotChocolate.Language.SyntaxTree": "15.1.12",
          "HotChocolate.Language.Utf8": "15.1.12",
          "HotChocolate.Language.Visitors": "15.1.12",
          "HotChocolate.Language.Web": "15.1.12"
        }
      },
      "HotChocolate.Language.SyntaxTree": {
        "type": "Transitive",
        "resolved": "15.1.12",
        "contentHash": "FRQM0Sk2sy0bK2gjCYcl+oqLL2c9prQM2kxBKCdLKsi1vevGwcqV6zhq+5aNAWhVpfb5kh3j3eh9/Pz+WbDpUA==",
        "dependencies": {
          "Microsoft.Extensions.ObjectPool": "9.0.2"
        }
      },
      "HotChocolate.Language.Utf8": {
        "type": "Transitive",
        "resolved": "15.1.12",
        "contentHash": "URvMy8JLBodY3/N86XUzPfC+AD7s3i6MSDoflnCwPMiFWKDaJ9a0WY63nS7r0xc9e15Pwq7LWN7EYWWG0UyJvg==",
        "dependencies": {
          "HotChocolate.Language.SyntaxTree": "15.1.12"
        }
      },
      "HotChocolate.Language.Visitors": {
        "type": "Transitive",
        "resolved": "15.1.12",
        "contentHash": "klDDEZTTBh+jK4cVtw+LPBXCGi3/Qur6lfipqQxWANOU1tT3nG9FpoHhtZBIn8BK4GcHNvjMjFXcrarfnRC6Aw==",
        "dependencies": {
          "HotChocolate.Language.SyntaxTree": "15.1.12"
        }
      },
      "HotChocolate.Language.Web": {
        "type": "Transitive",
        "resolved": "15.1.12",
        "contentHash": "HnOWueTJ6JQipZe7Qo+OQM42Uui3JgBDi6z/N5fC1uqc9Vj7AN8tA8Nu+ywHgTIGwclEUD00KVMcAOUvr/K9Iw==",
        "dependencies": {
          "HotChocolate.Language.Utf8": "15.1.12"
        }
      },
      "HotChocolate.Primitives": {
        "type": "Transitive",
        "resolved": "15.1.12",
        "contentHash": "9VxhvJzlDiti5LIekVE5ykvcxfuu9SaFjagNVF7JojUfH5105hrZbZRQuZU2PuB2ccJQJiIjUjuRp4/IT9tClg==",
        "dependencies": {
          "HotChocolate.Language": "15.1.12"
        }
      },
      "HotChocolate.Subscriptions": {
        "type": "Transitive",
        "resolved": "15.1.12",
        "contentHash": "Ic27qhkGtUNZO81dIqrHyyTFHSwzFKEgPoUuWUsuxrCQ9NMYjkJiCJ837yVqe4PxUOlWadb+jCKQw6teC97BBQ==",
        "dependencies": {
          "HotChocolate.Abstractions": "15.1.12",
          "HotChocolate.Execution.Abstractions": "15.1.12",
          "HotChocolate.Utilities": "15.1.12"
        }
      },
      "HotChocolate.Subscriptions.InMemory": {
        "type": "Transitive",
        "resolved": "15.1.12",
        "contentHash": "F9c3WEJJ1lozNval9IWVtC//FDiHn7omnP+hBAVuTZjGlY10M2S8VXR7SFOhS/zRxRF9m7BWzzjlX+wzS4MTGg==",
        "dependencies": {
          "HotChocolate.Execution.Abstractions": "15.1.12",
          "HotChocolate.Subscriptions": "15.1.12",
          "Microsoft.Extensions.DependencyInjection.Abstractions": "9.0.2"
        }
      },
      "HotChocolate.Transport.Sockets": {
        "type": "Transitive",
        "resolved": "15.1.12",
        "contentHash": "DHhLOAKIrgUluGliu5pRtzB2bqr0aNqvTWU7CBPOeiO7Ehm9j+7Uf5q53lfcOk2OR4105wYkr26R8819QmQriw=="
      },
      "HotChocolate.Types": {
        "type": "Transitive",
        "resolved": "15.1.12",
        "contentHash": "TeCw75MroX9/fEBdG7y16hUUzjCUlgGaaCwEanhCuA3+ztWP0Xcd5Q8l/XCL2M5MF2A11JHb344Oa8ckfbM1ig==",
        "dependencies": {
          "GreenDonut": "15.1.12",
          "HotChocolate.Abstractions": "15.1.12",
          "HotChocolate.Features": "15.1.12",
          "HotChocolate.Types.Shared": "15.1.12",
          "HotChocolate.Utilities": "15.1.12",
          "Microsoft.Extensions.DependencyInjection": "9.0.2",
          "Microsoft.Extensions.ObjectPool": "9.0.2"
        }
      },
      "HotChocolate.Types.CursorPagination": {
        "type": "Transitive",
        "resolved": "15.1.12",
        "contentHash": "O/sSDBm9sX6Hs3DDJ7ct6LhVVLL0OK7hreDckMz2HmDm2FqbBS/mFUB7K/pk58MiAmdSBE3oM18rcrFjV1MdWg==",
        "dependencies": {
          "HotChocolate.Execution.Abstractions": "15.1.12",
          "HotChocolate.Types": "15.1.12"
        }
      },
      "HotChocolate.Types.CursorPagination.Extensions": {
        "type": "Transitive",
        "resolved": "15.1.12",
        "contentHash": "aGKeNMqIX4vH89iQiHZnmZal1DdpHuCtlBaamo2paUmVRVb5TvFN3q+BUfH9MZklBcggSWF+VYSb0rIaVSSa8A==",
        "dependencies": {
          "GreenDonut.Data": "15.1.12",
          "HotChocolate.Types.CursorPagination": "15.1.12"
        }
      },
      "HotChocolate.Types.Errors": {
        "type": "Transitive",
        "resolved": "15.1.12",
        "contentHash": "u/lLfQ3zC6Wj8cmYFLrFeJywYlbYNAjADo9YQt8p1yzwVsHa5egV4L3qZCOjXu8bNratH9Vw22kuYQ8UmNko4A==",
        "dependencies": {
          "HotChocolate.Execution": "15.1.12"
        }
      },
      "HotChocolate.Types.Mutations": {
        "type": "Transitive",
        "resolved": "15.1.12",
        "contentHash": "TTeL9gjSVTfYmWw1cFA3S66Ilpnmx+I22I9ZXpLYnPleuimOTBfZrPZOCJxOTEXC7WzwpmFsEfH1p/o4nDWTaA==",
        "dependencies": {
          "HotChocolate.Execution": "15.1.12",
          "HotChocolate.Types.Errors": "15.1.12"
        }
      },
      "HotChocolate.Types.Queries": {
        "type": "Transitive",
        "resolved": "15.1.12",
        "contentHash": "NIpOh8cWOxBiK6ISxsO8p7bU1Sk94Wtxt8iuhj7UI7nw4eDPM8EVI1eYjOq3skmRkIlkZpIMaGE+8HQn+nupzg==",
        "dependencies": {
          "HotChocolate.Execution": "15.1.12",
          "HotChocolate.Types.Errors": "15.1.12"
        }
      },
      "HotChocolate.Types.Scalars.Upload": {
        "type": "Transitive",
        "resolved": "15.1.12",
        "contentHash": "5IU45vdUBLJukCePsN8ij0EkCY8y/N/3FJA0n1S2dsz2AAHAa7Zo1U1RHEaYwY+OHbDmIntIjAw0wf7QucysiQ==",
        "dependencies": {
          "HotChocolate.Types": "15.1.12"
        }
      },
      "HotChocolate.Types.Shared": {
        "type": "Transitive",
        "resolved": "15.1.12",
        "contentHash": "aF+RDBR7yTktNPqKAlIcQXnd0MCzwZ8G+4zOLOyQKL6EZ0eoNOZZwjz/c8LTdGsQjYddyUPVZvsWLKAq5kws0g==",
        "dependencies": {
          "HotChocolate.Language.SyntaxTree": "15.1.12"
        }
      },
      "HotChocolate.Utilities": {
        "type": "Transitive",
        "resolved": "15.1.12",
        "contentHash": "0QZi1LHSIGit4/q/bwBUwUT3Brn+GUXEmuWOrO7RplHFrRGxJfm0vJmW+aS/S6Lhzw6hKnuBNjDYBz9gHRT2Ug==",
        "dependencies": {
          "Microsoft.Extensions.DependencyInjection.Abstractions": "9.0.2"
        }
      },
      "HotChocolate.Utilities.DependencyInjection": {
        "type": "Transitive",
        "resolved": "15.1.12",
        "contentHash": "ZCJOMOg1+JB4GCNy2EduYUBTjHCMa2dG5mK1rrcYMC3ZhmSQxJle+/5lqk3URofks5CHh5Pldh/9rSJo/h6tEw==",
        "dependencies": {
          "Microsoft.Extensions.DependencyInjection": "9.0.2"
        }
      },
      "HotChocolate.Validation": {
        "type": "Transitive",
        "resolved": "15.1.12",
        "contentHash": "TtJDrJMzvdQL35/k3htLEQZBC7UC+PnPs4R1dWHKVxgAuvXtJNJDXo1z1xLvHViM14prKtF6j9Ki6RsKXmeotw==",
        "dependencies": {
          "HotChocolate.Types": "15.1.12",
          "Microsoft.Extensions.DependencyInjection.Abstractions": "9.0.2",
          "Microsoft.Extensions.Options": "9.0.2"
        }
      },
      "Microsoft.EntityFrameworkCore.Abstractions": {
        "type": "Transitive",
        "resolved": "10.0.1",
        "contentHash": "sp6Uq8Oc3RVGtmxLS3ZgzVeFHrpLNymsMudoeqRmB9pRTWgvq2S903sF5OnaaZmh4Bz6kpq7FwofE+DOhKJYvg=="
      },
      "Microsoft.EntityFrameworkCore.Analyzers": {
        "type": "Transitive",
        "resolved": "10.0.1",
        "contentHash": "Ug2lxkiz1bpnxQF/xdswLl5EBA6sAG2ig5nMjmtpQZO0C88ZnvUkbpH2vQq+8ultIRmvp5Ec2jndLGRMPjW0Ew=="
      },
      "Microsoft.EntityFrameworkCore.Relational": {
        "type": "Transitive",
        "resolved": "10.0.0",
        "contentHash": "A3MX1ee7RDxWCUdx/KqP+74fbksz0UIhkVZh56YHvbPkEKsffCXgHU3LGkRDwqR/MrBNWLCWC/IVX79tzM30ZA==",
        "dependencies": {
          "Microsoft.EntityFrameworkCore": "10.0.0",
          "Microsoft.Extensions.Caching.Memory": "10.0.0",
          "Microsoft.Extensions.Configuration.Abstractions": "10.0.0",
          "Microsoft.Extensions.Logging": "10.0.0"
        }
      },
      "Microsoft.Extensions.Caching.Abstractions": {
        "type": "Transitive",
        "resolved": "10.0.1",
        "contentHash": "Vb1vVAQDxHpXVdL9fpOX2BzeV7bbhzG4pAcIKRauRl0/VfkE8mq0f+fYC+gWICh3dlzTZInJ/cTeBS2MgU/XvQ==",
        "dependencies": {
          "Microsoft.Extensions.Primitives": "10.0.1"
        }
      },
      "Microsoft.Extensions.Caching.Memory": {
        "type": "Transitive",
        "resolved": "10.0.1",
        "contentHash": "NxqSP0Ky4dZ5ybszdZCqs1X2C70s+dXflqhYBUh/vhcQVTIooNCXIYnLVbafoAFGZMs51d9+rHxveXs0ZC3SQQ==",
        "dependencies": {
          "Microsoft.Extensions.Caching.Abstractions": "10.0.1",
          "Microsoft.Extensions.DependencyInjection.Abstractions": "10.0.1",
          "Microsoft.Extensions.Logging.Abstractions": "10.0.1",
          "Microsoft.Extensions.Options": "10.0.1",
          "Microsoft.Extensions.Primitives": "10.0.1"
        }
      },
      "Microsoft.Extensions.Configuration": {
        "type": "Transitive",
        "resolved": "10.0.0",
        "contentHash": "H4SWETCh/cC5L1WtWchHR6LntGk3rDTTznZMssr4cL8IbDmMWBxY+MOGDc/ASnqNolLKPIWHWeuC1ddiL/iNPw==",
        "dependencies": {
          "Microsoft.Extensions.Configuration.Abstractions": "10.0.0",
          "Microsoft.Extensions.Primitives": "10.0.0"
        }
      },
      "Microsoft.Extensions.Configuration.Abstractions": {
        "type": "Transitive",
        "resolved": "10.0.0",
        "contentHash": "d2kDKnCsJvY7mBVhcjPSp9BkJk48DsaHPg5u+Oy4f8XaOqnEedRy/USyvnpHL92wpJ6DrTPy7htppUUzskbCXQ==",
        "dependencies": {
          "Microsoft.Extensions.Primitives": "10.0.0"
        }
      },
      "Microsoft.Extensions.Configuration.Binder": {
        "type": "Transitive",
        "resolved": "10.0.0",
        "contentHash": "tMF9wNh+hlyYDWB8mrFCQHQmWHlRosol1b/N2Jrefy1bFLnuTlgSYmPyHNmz8xVQgs7DpXytBRWxGhG+mSTp0g==",
        "dependencies": {
          "Microsoft.Extensions.Configuration": "10.0.0",
          "Microsoft.Extensions.Configuration.Abstractions": "10.0.0"
        }
      },
      "Microsoft.Extensions.DependencyInjection": {
        "type": "Transitive",
        "resolved": "10.0.1",
        "contentHash": "zerXV0GAR9LCSXoSIApbWn+Dq1/T+6vbXMHGduq1LoVQRHT0BXsGQEau0jeLUBUcsoF/NaUT8ADPu8b+eNcIyg==",
        "dependencies": {
          "Microsoft.Extensions.DependencyInjection.Abstractions": "10.0.1"
        }
      },
      "Microsoft.Extensions.DependencyInjection.Abstractions": {
        "type": "Transitive",
        "resolved": "10.0.1",
        "contentHash": "oIy8fQxxbUsSrrOvgBqlVgOeCtDmrcynnTG+FQufcUWBrwyPfwlUkCDB2vaiBeYPyT+20u9/HeuHeBf+H4F/8g=="
      },
      "Microsoft.Extensions.DependencyModel": {
        "type": "Transitive",
        "resolved": "10.0.0",
        "contentHash": "RFYJR7APio/BiqdQunRq6DB+nDB6nc2qhHr77mlvZ0q0BT8PubMXN7XicmfzCbrDE/dzhBnUKBRXLTcqUiZDGg=="
      },
      "Microsoft.Extensions.Diagnostics.Abstractions": {
        "type": "Transitive",
        "resolved": "10.0.0",
        "contentHash": "SfK89ytD61S7DgzorFljSkUeluC1ncn6dtZgwc0ot39f/BEYWBl5jpgvodxduoYAs1d9HG8faCDRZxE95UMo2A==",
        "dependencies": {
          "Microsoft.Extensions.DependencyInjection.Abstractions": "10.0.0",
          "Microsoft.Extensions.Options": "10.0.0"
        }
      },
      "Microsoft.Extensions.FileProviders.Abstractions": {
        "type": "Transitive",
        "resolved": "10.0.0",
        "contentHash": "/ppSdehKk3fuXjlqCDgSOtjRK/pSHU8eWgzSHfHdwVm5BP4Dgejehkw+PtxKG2j98qTDEHDst2Y99aNsmJldmw==",
        "dependencies": {
          "Microsoft.Extensions.Primitives": "10.0.0"
        }
      },
      "Microsoft.Extensions.Hosting.Abstractions": {
        "type": "Transitive",
        "resolved": "10.0.0",
        "contentHash": "KrN6TGFwCwqOkLLk/idW/XtDQh+8In+CL9T4M1Dx+5ScsjTq4TlVbal8q532m82UYrMr6RiQJF2HvYCN0QwVsA==",
        "dependencies": {
          "Microsoft.Extensions.Configuration.Abstractions": "10.0.0",
          "Microsoft.Extensions.DependencyInjection.Abstractions": "10.0.0",
          "Microsoft.Extensions.Diagnostics.Abstractions": "10.0.0",
          "Microsoft.Extensions.FileProviders.Abstractions": "10.0.0",
          "Microsoft.Extensions.Logging.Abstractions": "10.0.0"
        }
      },
      "Microsoft.Extensions.Logging": {
        "type": "Transitive",
        "resolved": "10.0.1",
        "contentHash": "9ItMpMLFZFJFqCuHLLbR3LiA4ahA8dMtYuXpXl2YamSDWZhYS9BruPprkftY0tYi2bQ0slNrixdFm+4kpz1g5w==",
        "dependencies": {
          "Microsoft.Extensions.DependencyInjection": "10.0.1",
          "Microsoft.Extensions.Logging.Abstractions": "10.0.1",
          "Microsoft.Extensions.Options": "10.0.1"
        }
      },
      "Microsoft.Extensions.Logging.Abstractions": {
        "type": "Transitive",
        "resolved": "10.0.1",
        "contentHash": "YkmyiPIWAXVb+lPIrM0LE5bbtLOJkCiRTFiHpkVOvhI7uTvCfoOHLEN0LcsY56GpSD7NqX3gJNpsaDe87/B3zg==",
        "dependencies": {
          "Microsoft.Extensions.DependencyInjection.Abstractions": "10.0.1"
        }
      },
      "Microsoft.Extensions.ObjectPool": {
        "type": "Transitive",
        "resolved": "9.0.2",
        "contentHash": "nWx7uY6lfkmtpyC2dGc0IxtrZZs/LnLCQHw3YYQucbqWj8a27U/dZ+eh72O3ZiolqLzzLkVzoC+w/M8dZwxRTw=="
      },
      "Microsoft.Extensions.Options": {
        "type": "Transitive",
        "resolved": "10.0.1",
        "contentHash": "G6VVwywpJI4XIobetGHwg7wDOYC2L2XBYdtskxLaKF/Ynb5QBwLl7Q//wxAR2aVCLkMpoQrjSP9VoORkyddsNQ==",
        "dependencies": {
          "Microsoft.Extensions.DependencyInjection.Abstractions": "10.0.1",
          "Microsoft.Extensions.Primitives": "10.0.1"
        }
      },
      "Microsoft.Extensions.Primitives": {
        "type": "Transitive",
        "resolved": "10.0.1",
        "contentHash": "DO8XrJkp5x4PddDuc/CH37yDBCs9BYN6ijlKyR3vMb55BP1Vwh90vOX8bNfnKxr5B2qEI3D8bvbY1fFbDveDHQ=="
      },
      "Npgsql": {
        "type": "Transitive",
        "resolved": "10.0.0",
        "contentHash": "xZAYhPOU2rUIFpV48xsqhCx9vXs6Y+0jX2LCoSEfDFYMw9jtAOUk3iQsCnDLrFIv9NT3JGMihn7nnuZsPKqJmA==",
        "dependencies": {
          "Microsoft.Extensions.Logging.Abstractions": "10.0.0"
        }
      },
      "Serilog": {
        "type": "Transitive",
        "resolved": "4.3.0",
        "contentHash": "+cDryFR0GRhsGOnZSKwaDzRRl4MupvJ42FhCE4zhQRVanX0Jpg6WuCBk59OVhVDPmab1bB+nRykAnykYELA9qQ=="
      },
      "Serilog.Extensions.Hosting": {
        "type": "Transitive",
        "resolved": "10.0.0",
        "contentHash": "E7juuIc+gzoGxgzFooFgAV8g9BfiSXNKsUok9NmEpyAXg2odkcPsMa/Yo4axkJRlh0se7mkYQ1GXDaBemR+b6w==",
        "dependencies": {
          "Microsoft.Extensions.DependencyInjection.Abstractions": "10.0.0",
          "Microsoft.Extensions.Hosting.Abstractions": "10.0.0",
          "Microsoft.Extensions.Logging.Abstractions": "10.0.0",
          "Serilog": "4.3.0",
          "Serilog.Extensions.Logging": "10.0.0"
        }
      },
      "Serilog.Extensions.Logging": {
        "type": "Transitive",
        "resolved": "10.0.0",
        "contentHash": "vx0kABKl2dWbBhhqAfTOk53/i8aV/5VaT3a6il9gn72Wqs2pM7EK2OB6No6xdqK2IaY6Zf9gdjLuK9BVa2rT+Q==",
        "dependencies": {
          "Microsoft.Extensions.Logging": "10.0.0",
          "Serilog": "4.2.0"
        }
      },
      "Serilog.Formatting.Compact": {
        "type": "Transitive",
        "resolved": "3.0.0",
        "contentHash": "wQsv14w9cqlfB5FX2MZpNsTawckN4a8dryuNGbebB/3Nh1pXnROHZov3swtu3Nj5oNG7Ba+xdu7Et/ulAUPanQ==",
        "dependencies": {
          "Serilog": "4.0.0"
        }
      },
      "Serilog.Settings.Configuration": {
        "type": "Transitive",
        "resolved": "10.0.0",
        "contentHash": "LNq+ibS1sbhTqPV1FIE69/9AJJbfaOhnaqkzcjFy95o+4U+STsta9mi97f1smgXsWYKICDeGUf8xUGzd/52/uA==",
        "dependencies": {
          "Microsoft.Extensions.Configuration.Binder": "10.0.0",
          "Microsoft.Extensions.DependencyModel": "10.0.0",
          "Serilog": "4.3.0"
        }
      },
      "Serilog.Sinks.Console": {
        "type": "Transitive",
        "resolved": "6.1.1",
        "contentHash": "8jbqgjUyZlfCuSTaJk6lOca465OndqOz3KZP6Cryt/IqZYybyBu7GP0fE/AXBzrrQB3EBmQntBFAvMVz1COvAA==",
        "dependencies": {
          "Serilog": "4.0.0"
        }
      },
      "Serilog.Sinks.Debug": {
        "type": "Transitive",
        "resolved": "3.0.0",
        "contentHash": "4BzXcdrgRX7wde9PmHuYd9U6YqycCC28hhpKonK7hx0wb19eiuRj16fPcPSVp0o/Y1ipJuNLYQ00R3q2Zs8FDA==",
        "dependencies": {
          "Serilog": "4.0.0"
        }
      },
      "Serilog.Sinks.File": {
        "type": "Transitive",
        "resolved": "7.0.0",
        "contentHash": "fKL7mXv7qaiNBUC71ssvn/dU0k9t0o45+qm2XgKAlSt19xF+ijjxyA3R6HmCgfKEKwfcfkwWjayuQtRueZFkYw==",
        "dependencies": {
          "Serilog": "4.2.0"
        }
      },
      "System.IO.Hashing": {
        "type": "Transitive",
        "resolved": "8.0.0",
        "contentHash": "ne1843evDugl0md7Fjzy6QjJrzsjh46ZKbhf8GwBXb5f/gw97J4bxMs0NQKifDuThh/f0bZ0e62NPl1jzTuRqA=="
      },
      "Yarp.ReverseProxy": {
        "type": "Transitive",
        "resolved": "2.3.0",
        "contentHash": "gxtkN3a+9biu9V9Zd5NaTO6VZWXAnS2mhQ0R/VXmSPoTuiQNZsakKikrKpDtKxrL5nUYzbRsHtl40WNq+ZBKKg==",
        "dependencies": {
          "System.IO.Hashing": "8.0.0"
        }
      }
    }
  }
}